
Microsoft Visual Studio Solution File, Format Version 12.00
# Visual Studio Version 16
VisualStudioVersion = 16.0.29102.190
MinimumVisualStudioVersion = 10.0.40219.1
Project("{FAE04EC0-301F-11D3-BF4B-00C04F79EFBC}") = "FunctionApp", "FunctionApp\FunctionApp.csproj", "{ADA6BF05-28B0-4716-B80C-7D62F121EE55}"
EndProject
Global
	GlobalSection(SolutionConfigurationPlatforms) = preSolution
		Debug|Any CPU = Debug|Any CPU
		Release|Any CPU = Release|Any CPU
	EndGlobalSection
	GlobalSection(ProjectConfigurationPlatforms) = postSolution
		{5CEBC427-038F-4838-9B1E-623B4F0A2E10}.Debug|Any CPU.ActiveCfg = Debug|Any CPU
		{5CEBC427-038F-4838-9B1E-623B4F0A2E10}.Debug|Any CPU.Build.0 = Debug|Any CPU
		{5CEBC427-038F-4838-9B1E-623B4F0A2E10}.Release|Any CPU.ActiveCfg = Release|Any CPU
		{5CEBC427-038F-4838-9B1E-623B4F0A2E10}.Release|Any CPU.Build.0 = Release|Any CPU
		{ADA6BF05-28B0-4716-B80C-7D62F121EE55}.Debug|Any CPU.ActiveCfg = Debug|Any CPU
		{ADA6BF05-28B0-4716-B80C-7D62F121EE55}.Debug|Any CPU.Build.0 = Debug|Any CPU
		{ADA6BF05-28B0-4716-B80C-7D62F121EE55}.Release|Any CPU.ActiveCfg = Release|Any CPU
		{ADA6BF05-28B0-4716-B80C-7D62F121EE55}.Release|Any CPU.Build.0 = Release|Any CPU
	EndGlobalSection
	GlobalSection(SolutionProperties) = preSolution
		HideSolutionNode = FALSE
	EndGlobalSection
	GlobalSection(ExtensibilityGlobals) = postSolution
		SolutionGuid = {C33B9BE8-D9F3-4CD1-8B69-287E08A6ED5E}
	EndGlobalSection
EndGlobal
